// !$*UTF8*$!
{
	archiveVersion = 1;
	classes = {
	};
	objectVersion = 50;
	objects = {

/* Begin PBXBuildFile section */
		6F15A26B212361CC00909A41 /* AppDelegate.swift in Sources */ = {isa = PBXBuildFile; fileRef = 6F15A26A212361CC00909A41 /* AppDelegate.swift */; };
		6F15A26D212361CC00909A41 /* FirstViewController.swift in Sources */ = {isa = PBXBuildFile; fileRef = 6F15A26C212361CC00909A41 /* FirstViewController.swift */; };
		6F15A26F212361CC00909A41 /* SecondViewController.swift in Sources */ = {isa = PBXBuildFile; fileRef = 6F15A26E212361CC00909A41 /* SecondViewController.swift */; };
		6F15A272212361CC00909A41 /* Main.storyboard in Resources */ = {isa = PBXBuildFile; fileRef = 6F15A270212361CC00909A41 /* Main.storyboard */; };
		6F15A274212361CE00909A41 /* Assets.xcassets in Resources */ = {isa = PBXBuildFile; fileRef = 6F15A273212361CE00909A41 /* Assets.xcassets */; };
		6F15A277212361CE00909A41 /* LaunchScreen.storyboard in Resources */ = {isa = PBXBuildFile; fileRef = 6F15A275212361CE00909A41 /* LaunchScreen.storyboard */; };
		6F15A282212361CE00909A41 /* Ku_berTests.swift in Sources */ = {isa = PBXBuildFile; fileRef = 6F15A281212361CE00909A41 /* Ku_berTests.swift */; };
		6F15A28D212361CF00909A41 /* Ku_berUITests.swift in Sources */ = {isa = PBXBuildFile; fileRef = 6F15A28C212361CF00909A41 /* Ku_berUITests.swift */; };
/* End PBXBuildFile section */

/* Begin PBXContainerItemProxy section */
		6F15A27E212361CE00909A41 /* PBXContainerItemProxy */ = {
			isa = PBXContainerItemProxy;
			containerPortal = 6F15A25F212361CC00909A41 /* Project object */;
			proxyType = 1;
			remoteGlobalIDString = 6F15A266212361CC00909A41;
			remoteInfo = "Küber";
		};
		6F15A289212361CF00909A41 /* PBXContainerItemProxy */ = {
			isa = PBXContainerItemProxy;
			containerPortal = 6F15A25F212361CC00909A41 /* Project object */;
			proxyType = 1;
			remoteGlobalIDString = 6F15A266212361CC00909A41;
			remoteInfo = "Küber";
		};
/* End PBXContainerItemProxy section */

/* Begin PBXFileReference section */
		6F15A267212361CC00909A41 /* Küber.app */ = {isa = PBXFileReference; explicitFileType = wrapper.application; includeInIndex = 0; path = "Küber.app"; sourceTree = BUILT_PRODUCTS_DIR; };
		6F15A26A212361CC00909A41 /* AppDelegate.swift */ = {isa = PBXFileReference; lastKnownFileType = sourcecode.swift; path = AppDelegate.swift; sourceTree = "<group>"; };
		6F15A26C212361CC00909A41 /* FirstViewController.swift */ = {isa = PBXFileReference; lastKnownFileType = sourcecode.swift; path = FirstViewController.swift; sourceTree = "<group>"; };
		6F15A26E212361CC00909A41 /* SecondViewController.swift */ = {isa = PBXFileReference; lastKnownFileType = sourcecode.swift; path = SecondViewController.swift; sourceTree = "<group>"; };
		6F15A271212361CC00909A41 /* Base */ = {isa = PBXFileReference; lastKnownFileType = file.storyboard; name = Base; path = Base.lproj/Main.storyboard; sourceTree = "<group>"; };
		6F15A273212361CE00909A41 /* Assets.xcassets */ = {isa = PBXFileReference; lastKnownFileType = folder.assetcatalog; path = Assets.xcassets; sourceTree = "<group>"; };
		6F15A276212361CE00909A41 /* Base */ = {isa = PBXFileReference; lastKnownFileType = file.storyboard; name = Base; path = Base.lproj/LaunchScreen.storyboard; sourceTree = "<group>"; };
		6F15A278212361CE00909A41 /* Info.plist */ = {isa = PBXFileReference; lastKnownFileType = text.plist.xml; path = Info.plist; sourceTree = "<group>"; };
		6F15A27D212361CE00909A41 /* KüberTests.xctest */ = {isa = PBXFileReference; explicitFileType = wrapper.cfbundle; includeInIndex = 0; path = "KüberTests.xctest"; sourceTree = BUILT_PRODUCTS_DIR; };
		6F15A281212361CE00909A41 /* Ku_berTests.swift */ = {isa = PBXFileReference; lastKnownFileType = sourcecode.swift; path = Ku_berTests.swift; sourceTree = "<group>"; };
		6F15A283212361CE00909A41 /* Info.plist */ = {isa = PBXFileReference; lastKnownFileType = text.plist.xml; path = Info.plist; sourceTree = "<group>"; };
		6F15A288212361CF00909A41 /* KüberUITests.xctest */ = {isa = PBXFileReference; explicitFileType = wrapper.cfbundle; includeInIndex = 0; path = "KüberUITests.xctest"; sourceTree = BUILT_PRODUCTS_DIR; };
		6F15A28C212361CF00909A41 /* Ku_berUITests.swift */ = {isa = PBXFileReference; lastKnownFileType = sourcecode.swift; path = Ku_berUITests.swift; sourceTree = "<group>"; };
		6F15A28E212361CF00909A41 /* Info.plist */ = {isa = PBXFileReference; lastKnownFileType = text.plist.xml; path = Info.plist; sourceTree = "<group>"; };
/* End PBXFileReference section */

/* Begin PBXFrameworksBuildPhase section */
		6F15A264212361CC00909A41 /* Frameworks */ = {
			isa = PBXFrameworksBuildPhase;
			buildActionMask = 2147483647;
			files = (
			);
			runOnlyForDeploymentPostprocessing = 0;
		};
		6F15A27A212361CE00909A41 /* Frameworks */ = {
			isa = PBXFrameworksBuildPhase;
			buildActionMask = 2147483647;
			files = (
			);
			runOnlyForDeploymentPostprocessing = 0;
		};
		6F15A285212361CF00909A41 /* Frameworks */ = {
			isa = PBXFrameworksBuildPhase;
			buildActionMask = 2147483647;
			files = (
			);
			runOnlyForDeploymentPostprocessing = 0;
		};
/* End PBXFrameworksBuildPhase section */

/* Begin PBXGroup section */
		6F15A25E212361CC00909A41 = {
			isa = PBXGroup;
			children = (
				6F15A269212361CC00909A41 /* Küber */,
				6F15A280212361CE00909A41 /* KüberTests */,
				6F15A28B212361CF00909A41 /* KüberUITests */,
				6F15A268212361CC00909A41 /* Products */,
			);
			sourceTree = "<group>";
		};
		6F15A268212361CC00909A41 /* Products */ = {
			isa = PBXGroup;
			children = (
				6F15A267212361CC00909A41 /* Küber.app */,
				6F15A27D212361CE00909A41 /* KüberTests.xctest */,
				6F15A288212361CF00909A41 /* KüberUITests.xctest */,
			);
			name = Products;
			sourceTree = "<group>";
		};
		6F15A269212361CC00909A41 /* Küber */ = {
			isa = PBXGroup;
			children = (
				6F15A26A212361CC00909A41 /* AppDelegate.swift */,
				6F15A26C212361CC00909A41 /* FirstViewController.swift */,
				6F15A26E212361CC00909A41 /* SecondViewController.swift */,
				6F15A270212361CC00909A41 /* Main.storyboard */,
				6F15A273212361CE00909A41 /* Assets.xcassets */,
				6F15A275212361CE00909A41 /* LaunchScreen.storyboard */,
				6F15A278212361CE00909A41 /* Info.plist */,
			);
			path = "Küber";
			sourceTree = "<group>";
		};
		6F15A280212361CE00909A41 /* KüberTests */ = {
			isa = PBXGroup;
			children = (
				6F15A281212361CE00909A41 /* Ku_berTests.swift */,
				6F15A283212361CE00909A41 /* Info.plist */,
			);
			path = "KüberTests";
			sourceTree = "<group>";
		};
		6F15A28B212361CF00909A41 /* KüberUITests */ = {
			isa = PBXGroup;
			children = (
				6F15A28C212361CF00909A41 /* Ku_berUITests.swift */,
				6F15A28E212361CF00909A41 /* Info.plist */,
			);
			path = "KüberUITests";
			sourceTree = "<group>";
		};
/* End PBXGroup section */

/* Begin PBXNativeTarget section */
		6F15A266212361CC00909A41 /* Küber */ = {
			isa = PBXNativeTarget;
			buildConfigurationList = 6F15A291212361CF00909A41 /* Build configuration list for PBXNativeTarget "Küber" */;
			buildPhases = (
				6F15A263212361CC00909A41 /* Sources */,
				6F15A264212361CC00909A41 /* Frameworks */,
				6F15A265212361CC00909A41 /* Resources */,
			);
			buildRules = (
			);
			dependencies = (
			);
			name = "Küber";
			productName = "Küber";
			productReference = 6F15A267212361CC00909A41 /* Küber.app */;
			productType = "com.apple.product-type.application";
		};
		6F15A27C212361CE00909A41 /* KüberTests */ = {
			isa = PBXNativeTarget;
			buildConfigurationList = 6F15A294212361CF00909A41 /* Build configuration list for PBXNativeTarget "KüberTests" */;
			buildPhases = (
				6F15A279212361CE00909A41 /* Sources */,
				6F15A27A212361CE00909A41 /* Frameworks */,
				6F15A27B212361CE00909A41 /* Resources */,
			);
			buildRules = (
			);
			dependencies = (
				6F15A27F212361CE00909A41 /* PBXTargetDependency */,
			);
			name = "KüberTests";
			productName = "KüberTests";
			productReference = 6F15A27D212361CE00909A41 /* KüberTests.xctest */;
			productType = "com.apple.product-type.bundle.unit-test";
		};
		6F15A287212361CF00909A41 /* KüberUITests */ = {
			isa = PBXNativeTarget;
			buildConfigurationList = 6F15A297212361CF00909A41 /* Build configuration list for PBXNativeTarget "KüberUITests" */;
			buildPhases = (
				6F15A284212361CF00909A41 /* Sources */,
				6F15A285212361CF00909A41 /* Frameworks */,
				6F15A286212361CF00909A41 /* Resources */,
			);
			buildRules = (
			);
			dependencies = (
				6F15A28A212361CF00909A41 /* PBXTargetDependency */,
			);
			name = "KüberUITests";
			productName = "KüberUITests";
			productReference = 6F15A288212361CF00909A41 /* KüberUITests.xctest */;
			productType = "com.apple.product-type.bundle.ui-testing";
		};
/* End PBXNativeTarget section */

/* Begin PBXProject section */
		6F15A25F212361CC00909A41 /* Project object */ = {
			isa = PBXProject;
			attributes = {
				LastSwiftUpdateCheck = 0940;
				LastUpgradeCheck = 0940;
				ORGANIZATIONNAME = "Norman LLC";
				TargetAttributes = {
					6F15A266212361CC00909A41 = {
						CreatedOnToolsVersion = 9.4.1;
					};
					6F15A27C212361CE00909A41 = {
						CreatedOnToolsVersion = 9.4.1;
						TestTargetID = 6F15A266212361CC00909A41;
					};
					6F15A287212361CF00909A41 = {
						CreatedOnToolsVersion = 9.4.1;
						TestTargetID = 6F15A266212361CC00909A41;
					};
				};
			};
			buildConfigurationList = 6F15A262212361CC00909A41 /* Build configuration list for PBXProject "Küber" */;
			compatibilityVersion = "Xcode 9.3";
			developmentRegion = en;
			hasScannedForEncodings = 0;
			knownRegions = (
				en,
				Base,
			);
			mainGroup = 6F15A25E212361CC00909A41;
			productRefGroup = 6F15A268212361CC00909A41 /* Products */;
			projectDirPath = "";
			projectRoot = "";
			targets = (
				6F15A266212361CC00909A41 /* Küber */,
				6F15A27C212361CE00909A41 /* KüberTests */,
				6F15A287212361CF00909A41 /* KüberUITests */,
			);
		};
/* End PBXProject section */

/* Begin PBXResourcesBuildPhase section */
		6F15A265212361CC00909A41 /* Resources */ = {
			isa = PBXResourcesBuildPhase;
			buildActionMask = 2147483647;
			files = (
				6F15A277212361CE00909A41 /* LaunchScreen.storyboard in Resources */,
				6F15A274212361CE00909A41 /* Assets.xcassets in Resources */,
				6F15A272212361CC00909A41 /* Main.storyboard in Resources */,
			);
			runOnlyForDeploymentPostprocessing = 0;
		};
		6F15A27B212361CE00909A41 /* Resources */ = {
			isa = PBXResourcesBuildPhase;
			buildActionMask = 2147483647;
			files = (
			);
			runOnlyForDeploymentPostprocessing = 0;
		};
		6F15A286212361CF00909A41 /* Resources */ = {
			isa = PBXResourcesBuildPhase;
			buildActionMask = 2147483647;
			files = (
			);
			runOnlyForDeploymentPostprocessing = 0;
		};
/* End PBXResourcesBuildPhase section */

/* Begin PBXSourcesBuildPhase section */
		6F15A263212361CC00909A41 /* Sources */ = {
			isa = PBXSourcesBuildPhase;
			buildActionMask = 2147483647;
			files = (
				6F15A26F212361CC00909A41 /* SecondViewController.swift in Sources */,
				6F15A26B212361CC00909A41 /* AppDelegate.swift in Sources */,
				6F15A26D212361CC00909A41 /* FirstViewController.swift in Sources */,
			);
			runOnlyForDeploymentPostprocessing = 0;
		};
		6F15A279212361CE00909A41 /* Sources */ = {
			isa = PBXSourcesBuildPhase;
			buildActionMask = 2147483647;
			files = (
				6F15A282212361CE00909A41 /* Ku_berTests.swift in Sources */,
			);
			runOnlyForDeploymentPostprocessing = 0;
		};
		6F15A284212361CF00909A41 /* Sources */ = {
			isa = PBXSourcesBuildPhase;
			buildActionMask = 2147483647;
			files = (
				6F15A28D212361CF00909A41 /* Ku_berUITests.swift in Sources */,
			);
			runOnlyForDeploymentPostprocessing = 0;
		};
/* End PBXSourcesBuildPhase section */

/* Begin PBXTargetDependency section */
		6F15A27F212361CE00909A41 /* PBXTargetDependency */ = {
			isa = PBXTargetDependency;
			target = 6F15A266212361CC00909A41 /* Küber */;
			targetProxy = 6F15A27E212361CE00909A41 /* PBXContainerItemProxy */;
		};
		6F15A28A212361CF00909A41 /* PBXTargetDependency */ = {
			isa = PBXTargetDependency;
			target = 6F15A266212361CC00909A41 /* Küber */;
			targetProxy = 6F15A289212361CF00909A41 /* PBXContainerItemProxy */;
		};
/* End PBXTargetDependency section */

/* Begin PBXVariantGroup section */
		6F15A270212361CC00909A41 /* Main.storyboard */ = {
			isa = PBXVariantGroup;
			children = (
				6F15A271212361CC00909A41 /* Base */,
			);
			name = Main.storyboard;
			sourceTree = "<group>";
		};
		6F15A275212361CE00909A41 /* LaunchScreen.storyboard */ = {
			isa = PBXVariantGroup;
			children = (
				6F15A276212361CE00909A41 /* Base */,
			);
			name = LaunchScreen.storyboard;
			sourceTree = "<group>";
		};
/* End PBXVariantGroup section */

/* Begin XCBuildConfiguration section */
		6F15A28F212361CF00909A41 /* Debug */ = {
			isa = XCBuildConfiguration;
			buildSettings = {
				ALWAYS_SEARCH_USER_PATHS = NO;
				CLANG_ANALYZER_NONNULL = YES;
				CLANG_ANALYZER_NUMBER_OBJECT_CONVERSION = YES_AGGRESSIVE;
				CLANG_CXX_LANGUAGE_STANDARD = "gnu++14";
				CLANG_CXX_LIBRARY = "libc++";
				CLANG_ENABLE_MODULES = YES;
				CLANG_ENABLE_OBJC_ARC = YES;
				CLANG_ENABLE_OBJC_WEAK = YES;
				CLANG_WARN_BLOCK_CAPTURE_AUTORELEASING = YES;
				CLANG_WARN_BOOL_CONVERSION = YES;
				CLANG_WARN_COMMA = YES;
				CLANG_WARN_CONSTANT_CONVERSION = YES;
				CLANG_WARN_DEPRECATED_OBJC_IMPLEMENTATIONS = YES;
				CLANG_WARN_DIRECT_OBJC_ISA_USAGE = YES_ERROR;
				CLANG_WARN_DOCUMENTATION_COMMENTS = YES;
				CLANG_WARN_EMPTY_BODY = YES;
				CLANG_WARN_ENUM_CONVERSION = YES;
				CLANG_WARN_INFINITE_RECURSION = YES;
				CLANG_WARN_INT_CONVERSION = YES;
				CLANG_WARN_NON_LITERAL_NULL_CONVERSION = YES;
				CLANG_WARN_OBJC_IMPLICIT_RETAIN_SELF = YES;
				CLANG_WARN_OBJC_LITERAL_CONVERSION = YES;
				CLANG_WARN_OBJC_ROOT_CLASS = YES_ERROR;
				CLANG_WARN_RANGE_LOOP_ANALYSIS = YES;
				CLANG_WARN_STRICT_PROTOTYPES = YES;
				CLANG_WARN_SUSPICIOUS_MOVE = YES;
				CLANG_WARN_UNGUARDED_AVAILABILITY = YES_AGGRESSIVE;
				CLANG_WARN_UNREACHABLE_CODE = YES;
				CLANG_WARN__DUPLICATE_METHOD_MATCH = YES;
				CODE_SIGN_IDENTITY = "iPhone Developer";
				COPY_PHASE_STRIP = NO;
				DEBUG_INFORMATION_FORMAT = dwarf;
				ENABLE_STRICT_OBJC_MSGSEND = YES;
				ENABLE_TESTABILITY = YES;
				GCC_C_LANGUAGE_STANDARD = gnu11;
				GCC_DYNAMIC_NO_PIC = NO;
				GCC_NO_COMMON_BLOCKS = YES;
				GCC_OPTIMIZATION_LEVEL = 0;
				GCC_PREPROCESSOR_DEFINITIONS = (
					"DEBUG=1",
					"$(inherited)",
				);
				GCC_WARN_64_TO_32_BIT_CONVERSION = YES;
				GCC_WARN_ABOUT_RETURN_TYPE = YES_ERROR;
				GCC_WARN_UNDECLARED_SELECTOR = YES;
				GCC_WARN_UNINITIALIZED_AUTOS = YES_AGGRESSIVE;
				GCC_WARN_UNUSED_FUNCTION = YES;
				GCC_WARN_UNUSED_VARIABLE = YES;
				IPHONEOS_DEPLOYMENT_TARGET = 11.4;
				MTL_ENABLE_DEBUG_INFO = YES;
				ONLY_ACTIVE_ARCH = YES;
				SDKROOT = iphoneos;
				SWIFT_ACTIVE_COMPILATION_CONDITIONS = DEBUG;
				SWIFT_OPTIMIZATION_LEVEL = "-Onone";
			};
			name = Debug;
		};
		6F15A290212361CF00909A41 /* Release */ = {
			isa = XCBuildConfiguration;
			buildSettings = {
				ALWAYS_SEARCH_USER_PATHS = NO;
				CLANG_ANALYZER_NONNULL = YES;
				CLANG_ANALYZER_NUMBER_OBJECT_CONVERSION = YES_AGGRESSIVE;
				CLANG_CXX_LANGUAGE_STANDARD = "gnu++14";
				CLANG_CXX_LIBRARY = "libc++";
				CLANG_ENABLE_MODULES = YES;
				CLANG_ENABLE_OBJC_ARC = YES;
				CLANG_ENABLE_OBJC_WEAK = YES;
				CLANG_WARN_BLOCK_CAPTURE_AUTORELEASING = YES;
				CLANG_WARN_BOOL_CONVERSION = YES;
				CLANG_WARN_COMMA = YES;
				CLANG_WARN_CONSTANT_CONVERSION = YES;
				CLANG_WARN_DEPRECATED_OBJC_IMPLEMENTATIONS = YES;
				CLANG_WARN_DIRECT_OBJC_ISA_USAGE = YES_ERROR;
				CLANG_WARN_DOCUMENTATION_COMMENTS = YES;
				CLANG_WARN_EMPTY_BODY = YES;
				CLANG_WARN_ENUM_CONVERSION = YES;
				CLANG_WARN_INFINITE_RECURSION = YES;
				CLANG_WARN_INT_CONVERSION = YES;
				CLANG_WARN_NON_LITERAL_NULL_CONVERSION = YES;
				CLANG_WARN_OBJC_IMPLICIT_RETAIN_SELF = YES;
				CLANG_WARN_OBJC_LITERAL_CONVERSION = YES;
				CLANG_WARN_OBJC_ROOT_CLASS = YES_ERROR;
				CLANG_WARN_RANGE_LOOP_ANALYSIS = YES;
				CLANG_WARN_STRICT_PROTOTYPES = YES;
				CLANG_WARN_SUSPICIOUS_MOVE = YES;
				CLANG_WARN_UNGUARDED_AVAILABILITY = YES_AGGRESSIVE;
				CLANG_WARN_UNREACHABLE_CODE = YES;
				CLANG_WARN__DUPLICATE_METHOD_MATCH = YES;
				CODE_SIGN_IDENTITY = "iPhone Developer";
				COPY_PHASE_STRIP = NO;
				DEBUG_INFORMATION_FORMAT = "dwarf-with-dsym";
				ENABLE_NS_ASSERTIONS = NO;
				ENABLE_STRICT_OBJC_MSGSEND = YES;
				GCC_C_LANGUAGE_STANDARD = gnu11;
				GCC_NO_COMMON_BLOCKS = YES;
				GCC_WARN_64_TO_32_BIT_CONVERSION = YES;
				GCC_WARN_ABOUT_RETURN_TYPE = YES_ERROR;
				GCC_WARN_UNDECLARED_SELECTOR = YES;
				GCC_WARN_UNINITIALIZED_AUTOS = YES_AGGRESSIVE;
				GCC_WARN_UNUSED_FUNCTION = YES;
				GCC_WARN_UNUSED_VARIABLE = YES;
				IPHONEOS_DEPLOYMENT_TARGET = 11.4;
				MTL_ENABLE_DEBUG_INFO = NO;
				SDKROOT = iphoneos;
				SWIFT_COMPILATION_MODE = wholemodule;
				SWIFT_OPTIMIZATION_LEVEL = "-O";
				VALIDATE_PRODUCT = YES;
			};
			name = Release;
		};
		6F15A292212361CF00909A41 /* Debug */ = {
			isa = XCBuildConfiguration;
			buildSettings = {
				ASSETCATALOG_COMPILER_APPICON_NAME = AppIcon;
				CODE_SIGN_STYLE = Automatic;
				INFOPLIST_FILE = "Küber/Info.plist";
				LD_RUNPATH_SEARCH_PATHS = (
					"$(inherited)",
					"@executable_path/Frameworks",
				);
				PRODUCT_BUNDLE_IDENTIFIER = "Norman-LLC.Ku-ber";
				PRODUCT_NAME = "$(TARGET_NAME)";
				SWIFT_VERSION = 4.0;
				TARGETED_DEVICE_FAMILY = "1,2";
			};
			name = Debug;
		};
		6F15A293212361CF00909A41 /* Release */ = {
			isa = XCBuildConfiguration;
			buildSettings = {
				ASSETCATALOG_COMPILER_APPICON_NAME = AppIcon;
				CODE_SIGN_STYLE = Automatic;
				INFOPLIST_FILE = "Küber/Info.plist";
				LD_RUNPATH_SEARCH_PATHS = (
					"$(inherited)",
					"@executable_path/Frameworks",
				);
				PRODUCT_BUNDLE_IDENTIFIER = "Norman-LLC.Ku-ber";
				PRODUCT_NAME = "$(TARGET_NAME)";
				SWIFT_VERSION = 4.0;
				TARGETED_DEVICE_FAMILY = "1,2";
			};
			name = Release;
		};
		6F15A295212361CF00909A41 /* Debug */ = {
			isa = XCBuildConfiguration;
			buildSettings = {
				ALWAYS_EMBED_SWIFT_STANDARD_LIBRARIES = YES;
				BUNDLE_LOADER = "$(TEST_HOST)";
				CODE_SIGN_STYLE = Automatic;
				INFOPLIST_FILE = "KüberTests/Info.plist";
				LD_RUNPATH_SEARCH_PATHS = (
					"$(inherited)",
					"@executable_path/Frameworks",
					"@loader_path/Frameworks",
				);
				PRODUCT_BUNDLE_IDENTIFIER = "Norman-LLC.Ku-berTests";
				PRODUCT_NAME = "$(TARGET_NAME)";
				SWIFT_VERSION = 4.0;
				TARGETED_DEVICE_FAMILY = "1,2";
				TEST_HOST = "$(BUILT_PRODUCTS_DIR)/Küber.app/Küber";
			};
			name = Debug;
		};
		6F15A296212361CF00909A41 /* Release */ = {
			isa = XCBuildConfiguration;
			buildSettings = {
				ALWAYS_EMBED_SWIFT_STANDARD_LIBRARIES = YES;
				BUNDLE_LOADER = "$(TEST_HOST)";
				CODE_SIGN_STYLE = Automatic;
				INFOPLIST_FILE = "KüberTests/Info.plist";
				LD_RUNPATH_SEARCH_PATHS = (
					"$(inherited)",
					"@executable_path/Frameworks",
					"@loader_path/Frameworks",
				);
				PRODUCT_BUNDLE_IDENTIFIER = "Norman-LLC.Ku-berTests";
				PRODUCT_NAME = "$(TARGET_NAME)";
				SWIFT_VERSION = 4.0;
				TARGETED_DEVICE_FAMILY = "1,2";
				TEST_HOST = "$(BUILT_PRODUCTS_DIR)/Küber.app/Küber";
			};
			name = Release;
		};
		6F15A298212361CF00909A41 /* Debug */ = {
			isa = XCBuildConfiguration;
			buildSettings = {
				ALWAYS_EMBED_SWIFT_STANDARD_LIBRARIES = YES;
				CODE_SIGN_STYLE = Automatic;
				INFOPLIST_FILE = "KüberUITests/Info.plist";
				LD_RUNPATH_SEARCH_PATHS = (
					"$(inherited)",
					"@executable_path/Frameworks",
					"@loader_path/Frameworks",
				);
				PRODUCT_BUNDLE_IDENTIFIER = "Norman-LLC.Ku-berUITests";
				PRODUCT_NAME = "$(TARGET_NAME)";
				SWIFT_VERSION = 4.0;
				TARGETED_DEVICE_FAMILY = "1,2";
				TEST_TARGET_NAME = "Küber";
			};
			name = Debug;
		};
		6F15A299212361CF00909A41 /* Release */ = {
			isa = XCBuildConfiguration;
			buildSettings = {
				ALWAYS_EMBED_SWIFT_STANDARD_LIBRARIES = YES;
				CODE_SIGN_STYLE = Automatic;
				INFOPLIST_FILE = "KüberUITests/Info.plist";
				LD_RUNPATH_SEARCH_PATHS = (
					"$(inherited)",
					"@executable_path/Frameworks",
					"@loader_path/Frameworks",
				);
				PRODUCT_BUNDLE_IDENTIFIER = "Norman-LLC.Ku-berUITests";
				PRODUCT_NAME = "$(TARGET_NAME)";
				SWIFT_VERSION = 4.0;
				TARGETED_DEVICE_FAMILY = "1,2";
				TEST_TARGET_NAME = "Küber";
			};
			name = Release;
		};
/* End XCBuildConfiguration section */

/* Begin XCConfigurationList section */
		6F15A262212361CC00909A41 /* Build configuration list for PBXProject "Küber" */ = {
			isa = XCConfigurationList;
			buildConfigurations = (
				6F15A28F212361CF00909A41 /* Debug */,
				6F15A290212361CF00909A41 /* Release */,
			);
			defaultConfigurationIsVisible = 0;
			defaultConfigurationName = Release;
		};
		6F15A291212361CF00909A41 /* Build configuration list for PBXNativeTarget "Küber" */ = {
			isa = XCConfigurationList;
			buildConfigurations = (
				6F15A292212361CF00909A41 /* Debug */,
				6F15A293212361CF00909A41 /* Release */,
			);
			defaultConfigurationIsVisible = 0;
			defaultConfigurationName = Release;
		};
		6F15A294212361CF00909A41 /* Build configuration list for PBXNativeTarget "KüberTests" */ = {
			isa = XCConfigurationList;
			buildConfigurations = (
				6F15A295212361CF00909A41 /* Debug */,
				6F15A296212361CF00909A41 /* Release */,
			);
			defaultConfigurationIsVisible = 0;
			defaultConfigurationName = Release;
		};
		6F15A297212361CF00909A41 /* Build configuration list for PBXNativeTarget "KüberUITests" */ = {
			isa = XCConfigurationList;
			buildConfigurations = (
				6F15A298212361CF00909A41 /* Debug */,
				6F15A299212361CF00909A41 /* Release */,
			);
			defaultConfigurationIsVisible = 0;
			defaultConfigurationName = Release;
		};
/* End XCConfigurationList section */
	};
	rootObject = 6F15A25F212361CC00909A41 /* Project object */;
}
